
Microsoft Visual Studio Solution File, Format Version 12.00
# Visual Studio Version 17
VisualStudioVersion = 17.3.32922.545
MinimumVisualStudioVersion = 10.0.40219.1
Project("{FAE04EC0-301F-11D3-BF4B-00C04F79EFBC}") = "ChessGame", "ChessGame\ChessGame.csproj", "{C014BD82-3A96-42B0-8C5D-50F3CD8AFCAB}"
EndProject
Global
	GlobalSection(SolutionConfigurationPlatforms) = preSolution
		Debug|Any CPU = Debug|Any CPU
		Release|Any CPU = Release|Any CPU
	EndGlobalSection
	GlobalSection(ProjectConfigurationPlatforms) = postSolution
		{C014BD82-3A96-42B0-8C5D-50F3CD8AFCAB}.Debug|Any CPU.ActiveCfg = Debug|Any CPU
		{C014BD82-3A96-42B0-8C5D-50F3CD8AFCAB}.Debug|Any CPU.Build.0 = Debug|Any CPU
		{C014BD82-3A96-42B0-8C5D-50F3CD8AFCAB}.Release|Any CPU.ActiveCfg = Release|Any CPU
		{C014BD82-3A96-42B0-8C5D-50F3CD8AFCAB}.Release|Any CPU.Build.0 = Release|Any CPU
	EndGlobalSection
	GlobalSection(SolutionProperties) = preSolution
		HideSolutionNode = FALSE
	EndGlobalSection
	GlobalSection(ExtensibilityGlobals) = postSolution
		SolutionGuid = {0EC0EAC9-E0C7-402C-9119-A96F52E3E4F2}
	EndGlobalSection
EndGlobal
